
Microsoft Visual Studio Solution File, Format Version 12.00
# Visual Studio Version 17
VisualStudioVersion = 17.14.36414.22
MinimumVisualStudioVersion = 10.0.40219.1
Project("{8BC9CEB8-8B4A-11D0-8D11-00A0C91BC942}") = "001_bmi", "001_bmi\001_bmi.vcxproj", "{CDC45EFD-BB30-48E4-A37E-EFD48DBBC573}"
EndProject
Project("{8BC9CEB8-8B4A-11D0-8D11-00A0C91BC942}") = "001_bmi_C++", "001_bmi_C++\001_bmi_C++.vcxproj", "{9F33851A-8F2F-4F53-B6E3-160875B84AC9}"
EndProject
Project("{FAE04EC0-301F-11D3-BF4B-00C04F79EFBC}") = "002_BMI_form", "002_BMI form\002_BMI_form.csproj", "{A6505052-5311-4A12-8B53-1FB764F793F8}"
EndProject
Project("{FAE04EC0-301F-11D3-BF4B-00C04F79EFBC}") = "003_temperature", "003_temperature\003_temperature.csproj", "{26A7A227-64F2-4F12-A993-8E3A3498306C}"
EndProject
Project("{FAE04EC0-301F-11D3-BF4B-00C04F79EFBC}") = "004_bmi_fix", "004_bmi_fix\004_bmi_fix.csproj", "{E85EBA6B-D4E4-4496-8EE4-E0D31B45768B}"
EndProject
Project("{FAE04EC0-301F-11D3-BF4B-00C04F79EFBC}") = "005_login_window", "005_login_window\005_login_window.csproj", "{0EF14431-1AC2-4CBE-BF59-DE74C0D18A0B}"
EndProject
Project("{FAE04EC0-301F-11D3-BF4B-00C04F79EFBC}") = "006_basic_controls", "006_basic_controls\006_basic_controls.csproj", "{3235459F-5A86-4D8C-8FB7-CCDB1764AFAC}"
EndProject
Project("{FAE04EC0-301F-11D3-BF4B-00C04F79EFBC}") = "007_message_box", "007_message_box\007_message_box.csproj", "{D324A72F-EDA4-4274-8439-452B9E6C782F}"
EndProject
Project("{FAE04EC0-301F-11D3-BF4B-00C04F79EFBC}") = "008_label_control", "008_label_control\008_label_control.csproj", "{042F3EB2-37A7-4058-B537-965AEC5CB590}"
EndProject
Project("{FAE04EC0-301F-11D3-BF4B-00C04F79EFBC}") = "009_checkbox", "009_checkbox\009_checkbox.csproj", "{7D738F36-7A26-4436-858A-32AED2EE4485}"
EndProject
Global
	GlobalSection(SolutionConfigurationPlatforms) = preSolution
		Debug|Any CPU = Debug|Any CPU
		Debug|x64 = Debug|x64
		Debug|x86 = Debug|x86
		Release|Any CPU = Release|Any CPU
		Release|x64 = Release|x64
		Release|x86 = Release|x86
	EndGlobalSection
	GlobalSection(ProjectConfigurationPlatforms) = postSolution
		{CDC45EFD-BB30-48E4-A37E-EFD48DBBC573}.Debug|Any CPU.ActiveCfg = Debug|x64
		{CDC45EFD-BB30-48E4-A37E-EFD48DBBC573}.Debug|Any CPU.Build.0 = Debug|x64
		{CDC45EFD-BB30-48E4-A37E-EFD48DBBC573}.Debug|x64.ActiveCfg = Debug|x64
		{CDC45EFD-BB30-48E4-A37E-EFD48DBBC573}.Debug|x64.Build.0 = Debug|x64
		{CDC45EFD-BB30-48E4-A37E-EFD48DBBC573}.Debug|x86.ActiveCfg = Debug|Win32
		{CDC45EFD-BB30-48E4-A37E-EFD48DBBC573}.Debug|x86.Build.0 = Debug|Win32
		{CDC45EFD-BB30-48E4-A37E-EFD48DBBC573}.Release|Any CPU.ActiveCfg = Release|x64
		{CDC45EFD-BB30-48E4-A37E-EFD48DBBC573}.Release|Any CPU.Build.0 = Release|x64
		{CDC45EFD-BB30-48E4-A37E-EFD48DBBC573}.Release|x64.ActiveCfg = Release|x64
		{CDC45EFD-BB30-48E4-A37E-EFD48DBBC573}.Release|x64.Build.0 = Release|x64
		{CDC45EFD-BB30-48E4-A37E-EFD48DBBC573}.Release|x86.ActiveCfg = Release|Win32
		{CDC45EFD-BB30-48E4-A37E-EFD48DBBC573}.Release|x86.Build.0 = Release|Win32
		{9F33851A-8F2F-4F53-B6E3-160875B84AC9}.Debug|Any CPU.ActiveCfg = Debug|x64
		{9F33851A-8F2F-4F53-B6E3-160875B84AC9}.Debug|Any CPU.Build.0 = Debug|x64
		{9F33851A-8F2F-4F53-B6E3-160875B84AC9}.Debug|x64.ActiveCfg = Debug|x64
		{9F33851A-8F2F-4F53-B6E3-160875B84AC9}.Debug|x64.Build.0 = Debug|x64
		{9F33851A-8F2F-4F53-B6E3-160875B84AC9}.Debug|x86.ActiveCfg = Debug|Win32
		{9F33851A-8F2F-4F53-B6E3-160875B84AC9}.Debug|x86.Build.0 = Debug|Win32
		{9F33851A-8F2F-4F53-B6E3-160875B84AC9}.Release|Any CPU.ActiveCfg = Release|x64
		{9F33851A-8F2F-4F53-B6E3-160875B84AC9}.Release|Any CPU.Build.0 = Release|x64
		{9F33851A-8F2F-4F53-B6E3-160875B84AC9}.Release|x64.ActiveCfg = Release|x64
		{9F33851A-8F2F-4F53-B6E3-160875B84AC9}.Release|x64.Build.0 = Release|x64
		{9F33851A-8F2F-4F53-B6E3-160875B84AC9}.Release|x86.ActiveCfg = Release|Win32
		{9F33851A-8F2F-4F53-B6E3-160875B84AC9}.Release|x86.Build.0 = Release|Win32
		{A6505052-5311-4A12-8B53-1FB764F793F8}.Debug|Any CPU.ActiveCfg = Debug|Any CPU
		{A6505052-5311-4A12-8B53-1FB764F793F8}.Debug|Any CPU.Build.0 = Debug|Any CPU
		{A6505052-5311-4A12-8B53-1FB764F793F8}.Debug|x64.ActiveCfg = Debug|Any CPU
		{A6505052-5311-4A12-8B53-1FB764F793F8}.Debug|x64.Build.0 = Debug|Any CPU
		{A6505052-5311-4A12-8B53-1FB764F793F8}.Debug|x86.ActiveCfg = Debug|Any CPU
		{A6505052-5311-4A12-8B53-1FB764F793F8}.Debug|x86.Build.0 = Debug|Any CPU
		{A6505052-5311-4A12-8B53-1FB764F793F8}.Release|Any CPU.ActiveCfg = Release|Any CPU
		{A6505052-5311-4A12-8B53-1FB764F793F8}.Release|Any CPU.Build.0 = Release|Any CPU
		{A6505052-5311-4A12-8B53-1FB764F793F8}.Release|x64.ActiveCfg = Release|Any CPU
		{A6505052-5311-4A12-8B53-1FB764F793F8}.Release|x64.Build.0 = Release|Any CPU
		{A6505052-5311-4A12-8B53-1FB764F793F8}.Release|x86.ActiveCfg = Release|Any CPU
		{A6505052-5311-4A12-8B53-1FB764F793F8}.Release|x86.Build.0 = Release|Any CPU
		{26A7A227-64F2-4F12-A993-8E3A3498306C}.Debug|Any CPU.ActiveCfg = Debug|Any CPU
		{26A7A227-64F2-4F12-A993-8E3A3498306C}.Debug|Any CPU.Build.0 = Debug|Any CPU
		{26A7A227-64F2-4F12-A993-8E3A3498306C}.Debug|x64.ActiveCfg = Debug|Any CPU
		{26A7A227-64F2-4F12-A993-8E3A3498306C}.Debug|x64.Build.0 = Debug|Any CPU
		{26A7A227-64F2-4F12-A993-8E3A3498306C}.Debug|x86.ActiveCfg = Debug|Any CPU
		{26A7A227-64F2-4F12-A993-8E3A3498306C}.Debug|x86.Build.0 = Debug|Any CPU
		{26A7A227-64F2-4F12-A993-8E3A3498306C}.Release|Any CPU.ActiveCfg = Release|Any CPU
		{26A7A227-64F2-4F12-A993-8E3A3498306C}.Release|Any CPU.Build.0 = Release|Any CPU
		{26A7A227-64F2-4F12-A993-8E3A3498306C}.Release|x64.ActiveCfg = Release|Any CPU
		{26A7A227-64F2-4F12-A993-8E3A3498306C}.Release|x64.Build.0 = Release|Any CPU
		{26A7A227-64F2-4F12-A993-8E3A3498306C}.Release|x86.ActiveCfg = Release|Any CPU
		{26A7A227-64F2-4F12-A993-8E3A3498306C}.Release|x86.Build.0 = Release|Any CPU
		{E85EBA6B-D4E4-4496-8EE4-E0D31B45768B}.Debug|Any CPU.ActiveCfg = Debug|Any CPU
		{E85EBA6B-D4E4-4496-8EE4-E0D31B45768B}.Debug|Any CPU.Build.0 = Debug|Any CPU
		{E85EBA6B-D4E4-4496-8EE4-E0D31B45768B}.Debug|x64.ActiveCfg = Debug|Any CPU
		{E85EBA6B-D4E4-4496-8EE4-E0D31B45768B}.Debug|x64.Build.0 = Debug|Any CPU
		{E85EBA6B-D4E4-4496-8EE4-E0D31B45768B}.Debug|x86.ActiveCfg = Debug|Any CPU
		{E85EBA6B-D4E4-4496-8EE4-E0D31B45768B}.Debug|x86.Build.0 = Debug|Any CPU
		{E85EBA6B-D4E4-4496-8EE4-E0D31B45768B}.Release|Any CPU.ActiveCfg = Release|Any CPU
		{E85EBA6B-D4E4-4496-8EE4-E0D31B45768B}.Release|Any CPU.Build.0 = Release|Any CPU
		{E85EBA6B-D4E4-4496-8EE4-E0D31B45768B}.Release|x64.ActiveCfg = Release|Any CPU
		{E85EBA6B-D4E4-4496-8EE4-E0D31B45768B}.Release|x64.Build.0 = Release|Any CPU
		{E85EBA6B-D4E4-4496-8EE4-E0D31B45768B}.Release|x86.ActiveCfg = Release|Any CPU
		{E85EBA6B-D4E4-4496-8EE4-E0D31B45768B}.Release|x86.Build.0 = Release|Any CPU
		{0EF14431-1AC2-4CBE-BF59-DE74C0D18A0B}.Debug|Any CPU.ActiveCfg = Debug|Any CPU
		{0EF14431-1AC2-4CBE-BF59-DE74C0D18A0B}.Debug|Any CPU.Build.0 = Debug|Any CPU
		{0EF14431-1AC2-4CBE-BF59-DE74C0D18A0B}.Debug|x64.ActiveCfg = Debug|Any CPU
		{0EF14431-1AC2-4CBE-BF59-DE74C0D18A0B}.Debug|x64.Build.0 = Debug|Any CPU
		{0EF14431-1AC2-4CBE-BF59-DE74C0D18A0B}.Debug|x86.ActiveCfg = Debug|Any CPU
		{0EF14431-1AC2-4CBE-BF59-DE74C0D18A0B}.Debug|x86.Build.0 = Debug|Any CPU
		{0EF14431-1AC2-4CBE-BF59-DE74C0D18A0B}.Release|Any CPU.ActiveCfg = Release|Any CPU
		{0EF14431-1AC2-4CBE-BF59-DE74C0D18A0B}.Release|Any CPU.Build.0 = Release|Any CPU
		{0EF14431-1AC2-4CBE-BF59-DE74C0D18A0B}.Release|x64.ActiveCfg = Release|Any CPU
		{0EF14431-1AC2-4CBE-BF59-DE74C0D18A0B}.Release|x64.Build.0 = Release|Any CPU
		{0EF14431-1AC2-4CBE-BF59-DE74C0D18A0B}.Release|x86.ActiveCfg = Release|Any CPU
		{0EF14431-1AC2-4CBE-BF59-DE74C0D18A0B}.Release|x86.Build.0 = Release|Any CPU
		{3235459F-5A86-4D8C-8FB7-CCDB1764AFAC}.Debug|Any CPU.ActiveCfg = Debug|Any CPU
		{3235459F-5A86-4D8C-8FB7-CCDB1764AFAC}.Debug|Any CPU.Build.0 = Debug|Any CPU
		{3235459F-5A86-4D8C-8FB7-CCDB1764AFAC}.Debug|x64.ActiveCfg = Debug|Any CPU
		{3235459F-5A86-4D8C-8FB7-CCDB1764AFAC}.Debug|x64.Build.0 = Debug|Any CPU
		{3235459F-5A86-4D8C-8FB7-CCDB1764AFAC}.Debug|x86.ActiveCfg = Debug|Any CPU
		{3235459F-5A86-4D8C-8FB7-CCDB1764AFAC}.Debug|x86.Build.0 = Debug|Any CPU
		{3235459F-5A86-4D8C-8FB7-CCDB1764AFAC}.Release|Any CPU.ActiveCfg = Release|Any CPU
		{3235459F-5A86-4D8C-8FB7-CCDB1764AFAC}.Release|Any CPU.Build.0 = Release|Any CPU
		{3235459F-5A86-4D8C-8FB7-CCDB1764AFAC}.Release|x64.ActiveCfg = Release|Any CPU
		{3235459F-5A86-4D8C-8FB7-CCDB1764AFAC}.Release|x64.Build.0 = Release|Any CPU
		{3235459F-5A86-4D8C-8FB7-CCDB1764AFAC}.Release|x86.ActiveCfg = Release|Any CPU
		{3235459F-5A86-4D8C-8FB7-CCDB1764AFAC}.Release|x86.Build.0 = Release|Any CPU
		{D324A72F-EDA4-4274-8439-452B9E6C782F}.Debug|Any CPU.ActiveCfg = Debug|Any CPU
		{D324A72F-EDA4-4274-8439-452B9E6C782F}.Debug|Any CPU.Build.0 = Debug|Any CPU
		{D324A72F-EDA4-4274-8439-452B9E6C782F}.Debug|x64.ActiveCfg = Debug|Any CPU
		{D324A72F-EDA4-4274-8439-452B9E6C782F}.Debug|x64.Build.0 = Debug|Any CPU
		{D324A72F-EDA4-4274-8439-452B9E6C782F}.Debug|x86.ActiveCfg = Debug|Any CPU
		{D324A72F-EDA4-4274-8439-452B9E6C782F}.Debug|x86.Build.0 = Debug|Any CPU
		{D324A72F-EDA4-4274-8439-452B9E6C782F}.Release|Any CPU.ActiveCfg = Release|Any CPU
		{D324A72F-EDA4-4274-8439-452B9E6C782F}.Release|Any CPU.Build.0 = Release|Any CPU
		{D324A72F-EDA4-4274-8439-452B9E6C782F}.Release|x64.ActiveCfg = Release|Any CPU
		{D324A72F-EDA4-4274-8439-452B9E6C782F}.Release|x64.Build.0 = Release|Any CPU
		{D324A72F-EDA4-4274-8439-452B9E6C782F}.Release|x86.ActiveCfg = Release|Any CPU
		{D324A72F-EDA4-4274-8439-452B9E6C782F}.Release|x86.Build.0 = Release|Any CPU
		{042F3EB2-37A7-4058-B537-965AEC5CB590}.Debug|Any CPU.ActiveCfg = Debug|Any CPU
		{042F3EB2-37A7-4058-B537-965AEC5CB590}.Debug|Any CPU.Build.0 = Debug|Any CPU
		{042F3EB2-37A7-4058-B537-965AEC5CB590}.Debug|x64.ActiveCfg = Debug|Any CPU
		{042F3EB2-37A7-4058-B537-965AEC5CB590}.Debug|x64.Build.0 = Debug|Any CPU
		{042F3EB2-37A7-4058-B537-965AEC5CB590}.Debug|x86.ActiveCfg = Debug|Any CPU
		{042F3EB2-37A7-4058-B537-965AEC5CB590}.Debug|x86.Build.0 = Debug|Any CPU
		{042F3EB2-37A7-4058-B537-965AEC5CB590}.Release|Any CPU.ActiveCfg = Release|Any CPU
		{042F3EB2-37A7-4058-B537-965AEC5CB590}.Release|Any CPU.Build.0 = Release|Any CPU
		{042F3EB2-37A7-4058-B537-965AEC5CB590}.Release|x64.ActiveCfg = Release|Any CPU
		{042F3EB2-37A7-4058-B537-965AEC5CB590}.Release|x64.Build.0 = Release|Any CPU
		{042F3EB2-37A7-4058-B537-965AEC5CB590}.Release|x86.ActiveCfg = Release|Any CPU
		{042F3EB2-37A7-4058-B537-965AEC5CB590}.Release|x86.Build.0 = Release|Any CPU
		{7D738F36-7A26-4436-858A-32AED2EE4485}.Debug|Any CPU.ActiveCfg = Debug|Any CPU
		{7D738F36-7A26-4436-858A-32AED2EE4485}.Debug|Any CPU.Build.0 = Debug|Any CPU
		{7D738F36-7A26-4436-858A-32AED2EE4485}.Debug|x64.ActiveCfg = Debug|Any CPU
		{7D738F36-7A26-4436-858A-32AED2EE4485}.Debug|x64.Build.0 = Debug|Any CPU
		{7D738F36-7A26-4436-858A-32AED2EE4485}.Debug|x86.ActiveCfg = Debug|Any CPU
		{7D738F36-7A26-4436-858A-32AED2EE4485}.Debug|x86.Build.0 = Debug|Any CPU
		{7D738F36-7A26-4436-858A-32AED2EE4485}.Release|Any CPU.ActiveCfg = Release|Any CPU
		{7D738F36-7A26-4436-858A-32AED2EE4485}.Release|Any CPU.Build.0 = Release|Any CPU
		{7D738F36-7A26-4436-858A-32AED2EE4485}.Release|x64.ActiveCfg = Release|Any CPU
		{7D738F36-7A26-4436-858A-32AED2EE4485}.Release|x64.Build.0 = Release|Any CPU
		{7D738F36-7A26-4436-858A-32AED2EE4485}.Release|x86.ActiveCfg = Release|Any CPU
		{7D738F36-7A26-4436-858A-32AED2EE4485}.Release|x86.Build.0 = Release|Any CPU
	EndGlobalSection
	GlobalSection(SolutionProperties) = preSolution
		HideSolutionNode = FALSE
	EndGlobalSection
	GlobalSection(ExtensibilityGlobals) = postSolution
		SolutionGuid = {2A5EBFBC-BC97-4417-8546-326A86B707D4}
	EndGlobalSection
EndGlobal
